
Microsoft Visual Studio Solution File, Format Version 12.00
# Visual Studio Version 17
VisualStudioVersion = 17.1.32328.378
MinimumVisualStudioVersion = 10.0.40219.1
Project("{FAE04EC0-301F-11D3-BF4B-00C04F79EFBC}") = "API1", "API1\API1.csproj", "{3A447E95-91F6-42DA-BC1B-B90971B65F70}"
EndProject
Global
	GlobalSection(SolutionConfigurationPlatforms) = preSolution
		Debug|Any CPU = Debug|Any CPU
		Release|Any CPU = Release|Any CPU
	EndGlobalSection
	GlobalSection(ProjectConfigurationPlatforms) = postSolution
		{3A447E95-91F6-42DA-BC1B-B90971B65F70}.Debug|Any CPU.ActiveCfg = Debug|Any CPU
		{3A447E95-91F6-42DA-BC1B-B90971B65F70}.Debug|Any CPU.Build.0 = Debug|Any CPU
		{3A447E95-91F6-42DA-BC1B-B90971B65F70}.Release|Any CPU.ActiveCfg = Release|Any CPU
		{3A447E95-91F6-42DA-BC1B-B90971B65F70}.Release|Any CPU.Build.0 = Release|Any CPU
	EndGlobalSection
	GlobalSection(SolutionProperties) = preSolution
		HideSolutionNode = FALSE
	EndGlobalSection
	GlobalSection(ExtensibilityGlobals) = postSolution
		SolutionGuid = {7A6891C4-12DA-41A0-B0EA-8A662B7DABC7}
	EndGlobalSection
EndGlobal
